// !$*UTF8*$!
{
	archiveVersion = 1;
	classes = {
	};
	objectVersion = 50;
	objects = {

/* Begin PBXBuildFile section */
		3D1B3001214A6663002C1141 /* Assets.xcassets in Resources */ = {isa = PBXBuildFile; fileRef = 3D1B2FF8214A6663002C1141 /* Assets.xcassets */; };
		3D1B3002214A6663002C1141 /* LaunchScreen.storyboard in Resources */ = {isa = PBXBuildFile; fileRef = 3D1B2FF9214A6663002C1141 /* LaunchScreen.storyboard */; };
		3D1B3003214A6663002C1141 /* Main.storyboard in Resources */ = {isa = PBXBuildFile; fileRef = 3D1B2FFB214A6663002C1141 /* Main.storyboard */; };
		3D1B301C214B51DD002C1141 /* KioskBookingTests.swift in Sources */ = {isa = PBXBuildFile; fileRef = 3D1B301B214B51DD002C1141 /* KioskBookingTests.swift */; };
		3D1B302D214B63CC002C1141 /* KioskNetworkTests.swift in Sources */ = {isa = PBXBuildFile; fileRef = 3D1B302C214B63CC002C1141 /* KioskNetworkTests.swift */; };
		3D1B303F214B68A0002C1141 /* KioskHistoryTests.swift in Sources */ = {isa = PBXBuildFile; fileRef = 3D1B303E214B68A0002C1141 /* KioskHistoryTests.swift */; };
		3D1B304A214B9A7B002C1141 /* HistoryJsonModel.swift in Sources */ = {isa = PBXBuildFile; fileRef = 3D1B3049214B9A7B002C1141 /* HistoryJsonModel.swift */; };
		3D1B304C214B9A8C002C1141 /* HistoryDataModel.swift in Sources */ = {isa = PBXBuildFile; fileRef = 3D1B304B214B9A8C002C1141 /* HistoryDataModel.swift */; };
		3D2B0EF0214E193E002FC1A9 /* BookingStepperTableViewCell.swift in Sources */ = {isa = PBXBuildFile; fileRef = 3D2B0EEE214E193E002FC1A9 /* BookingStepperTableViewCell.swift */; };
		3D2B0EF1214E193E002FC1A9 /* BookingStepperTableViewCell.xib in Resources */ = {isa = PBXBuildFile; fileRef = 3D2B0EEF214E193E002FC1A9 /* BookingStepperTableViewCell.xib */; };
		3D2B0EF3214E1C01002FC1A9 /* CustomStepper.swift in Sources */ = {isa = PBXBuildFile; fileRef = 3D2B0EF2214E1C01002FC1A9 /* CustomStepper.swift */; };
		3D42C354214D3B09006B610B /* AlertControllerHelper.swift in Sources */ = {isa = PBXBuildFile; fileRef = 3D42C353214D3B09006B610B /* AlertControllerHelper.swift */; };
		3D93DB7F214B963C0004A317 /* AppDelegate.swift in Sources */ = {isa = PBXBuildFile; fileRef = 3D1B2FF6214A6663002C1141 /* AppDelegate.swift */; };
		3D93DB80214B963C0004A317 /* BookingViewController.swift in Sources */ = {isa = PBXBuildFile; fileRef = 3D1B300A214A8911002C1141 /* BookingViewController.swift */; };
		3D93DB81214B963C0004A317 /* ServicesJsonModel.swift in Sources */ = {isa = PBXBuildFile; fileRef = 3D1B3011214AA48A002C1141 /* ServicesJsonModel.swift */; };
		3D93DB82214B963C0004A317 /* ServicesDataModel.swift in Sources */ = {isa = PBXBuildFile; fileRef = 3D1B3013214B50EF002C1141 /* ServicesDataModel.swift */; };
		3D93DB83214B963C0004A317 /* HistoryViewController.swift in Sources */ = {isa = PBXBuildFile; fileRef = 3D1B300C214A891E002C1141 /* HistoryViewController.swift */; };
		3D93DB86214B963C0004A317 /* APIAdaptor.swift in Sources */ = {isa = PBXBuildFile; fileRef = 3D1B300F214AA006002C1141 /* APIAdaptor.swift */; };
/* End PBXBuildFile section */

/* Begin PBXContainerItemProxy section */
		3D1B301E214B51DD002C1141 /* PBXContainerItemProxy */ = {
			isa = PBXContainerItemProxy;
			containerPortal = 3D1B2FD1214A6517002C1141 /* Project object */;
			proxyType = 1;
			remoteGlobalIDString = 3D1B2FD8214A6517002C1141;
			remoteInfo = Kiosk;
		};
		3D1B302F214B63CC002C1141 /* PBXContainerItemProxy */ = {
			isa = PBXContainerItemProxy;
			containerPortal = 3D1B2FD1214A6517002C1141 /* Project object */;
			proxyType = 1;
			remoteGlobalIDString = 3D1B2FD8214A6517002C1141;
			remoteInfo = Kiosk;
		};
		3D1B3041214B68A0002C1141 /* PBXContainerItemProxy */ = {
			isa = PBXContainerItemProxy;
			containerPortal = 3D1B2FD1214A6517002C1141 /* Project object */;
			proxyType = 1;
			remoteGlobalIDString = 3D1B2FD8214A6517002C1141;
			remoteInfo = Kiosk;
		};
/* End PBXContainerItemProxy section */

/* Begin PBXFileReference section */
		3D1B2FD9214A6517002C1141 /* Kiosk.app */ = {isa = PBXFileReference; explicitFileType = wrapper.application; includeInIndex = 0; path = Kiosk.app; sourceTree = BUILT_PRODUCTS_DIR; };
		3D1B2FF6214A6663002C1141 /* AppDelegate.swift */ = {isa = PBXFileReference; fileEncoding = 4; lastKnownFileType = sourcecode.swift; path = AppDelegate.swift; sourceTree = "<group>"; };
		3D1B2FF8214A6663002C1141 /* Assets.xcassets */ = {isa = PBXFileReference; lastKnownFileType = folder.assetcatalog; path = Assets.xcassets; sourceTree = "<group>"; };
		3D1B2FFA214A6663002C1141 /* Base */ = {isa = PBXFileReference; lastKnownFileType = file.storyboard; name = Base; path = Base.lproj/LaunchScreen.storyboard; sourceTree = "<group>"; };
		3D1B2FFC214A6663002C1141 /* Base */ = {isa = PBXFileReference; lastKnownFileType = file.storyboard; name = Base; path = Base.lproj/Main.storyboard; sourceTree = "<group>"; };
		3D1B2FFD214A6663002C1141 /* Info.plist */ = {isa = PBXFileReference; fileEncoding = 4; lastKnownFileType = text.plist.xml; path = Info.plist; sourceTree = "<group>"; };
		3D1B300A214A8911002C1141 /* BookingViewController.swift */ = {isa = PBXFileReference; lastKnownFileType = sourcecode.swift; path = BookingViewController.swift; sourceTree = "<group>"; };
		3D1B300C214A891E002C1141 /* HistoryViewController.swift */ = {isa = PBXFileReference; lastKnownFileType = sourcecode.swift; path = HistoryViewController.swift; sourceTree = "<group>"; };
		3D1B300F214AA006002C1141 /* APIAdaptor.swift */ = {isa = PBXFileReference; lastKnownFileType = sourcecode.swift; path = APIAdaptor.swift; sourceTree = "<group>"; };
		3D1B3011214AA48A002C1141 /* ServicesJsonModel.swift */ = {isa = PBXFileReference; lastKnownFileType = sourcecode.swift; path = ServicesJsonModel.swift; sourceTree = "<group>"; };
		3D1B3013214B50EF002C1141 /* ServicesDataModel.swift */ = {isa = PBXFileReference; lastKnownFileType = sourcecode.swift; path = ServicesDataModel.swift; sourceTree = "<group>"; };
		3D1B3019214B51DD002C1141 /* KioskBookingTests.xctest */ = {isa = PBXFileReference; explicitFileType = wrapper.cfbundle; includeInIndex = 0; path = KioskBookingTests.xctest; sourceTree = BUILT_PRODUCTS_DIR; };
		3D1B301B214B51DD002C1141 /* KioskBookingTests.swift */ = {isa = PBXFileReference; lastKnownFileType = sourcecode.swift; path = KioskBookingTests.swift; sourceTree = "<group>"; };
		3D1B301D214B51DD002C1141 /* Info.plist */ = {isa = PBXFileReference; lastKnownFileType = text.plist.xml; path = Info.plist; sourceTree = "<group>"; };
		3D1B302A214B63CC002C1141 /* KioskNetworkTests.xctest */ = {isa = PBXFileReference; explicitFileType = wrapper.cfbundle; includeInIndex = 0; path = KioskNetworkTests.xctest; sourceTree = BUILT_PRODUCTS_DIR; };
		3D1B302C214B63CC002C1141 /* KioskNetworkTests.swift */ = {isa = PBXFileReference; lastKnownFileType = sourcecode.swift; path = KioskNetworkTests.swift; sourceTree = "<group>"; };
		3D1B302E214B63CC002C1141 /* Info.plist */ = {isa = PBXFileReference; lastKnownFileType = text.plist.xml; path = Info.plist; sourceTree = "<group>"; };
		3D1B303C214B68A0002C1141 /* KioskHistoryTests.xctest */ = {isa = PBXFileReference; explicitFileType = wrapper.cfbundle; includeInIndex = 0; path = KioskHistoryTests.xctest; sourceTree = BUILT_PRODUCTS_DIR; };
		3D1B303E214B68A0002C1141 /* KioskHistoryTests.swift */ = {isa = PBXFileReference; lastKnownFileType = sourcecode.swift; path = KioskHistoryTests.swift; sourceTree = "<group>"; };
		3D1B3040214B68A0002C1141 /* Info.plist */ = {isa = PBXFileReference; lastKnownFileType = text.plist.xml; path = Info.plist; sourceTree = "<group>"; };
		3D1B3049214B9A7B002C1141 /* HistoryJsonModel.swift */ = {isa = PBXFileReference; lastKnownFileType = sourcecode.swift; path = HistoryJsonModel.swift; sourceTree = "<group>"; };
		3D1B304B214B9A8C002C1141 /* HistoryDataModel.swift */ = {isa = PBXFileReference; lastKnownFileType = sourcecode.swift; path = HistoryDataModel.swift; sourceTree = "<group>"; };
		3D2B0EEE214E193E002FC1A9 /* BookingStepperTableViewCell.swift */ = {isa = PBXFileReference; lastKnownFileType = sourcecode.swift; path = BookingStepperTableViewCell.swift; sourceTree = "<group>"; };
		3D2B0EEF214E193E002FC1A9 /* BookingStepperTableViewCell.xib */ = {isa = PBXFileReference; lastKnownFileType = file.xib; path = BookingStepperTableViewCell.xib; sourceTree = "<group>"; };
		3D2B0EF2214E1C01002FC1A9 /* CustomStepper.swift */ = {isa = PBXFileReference; lastKnownFileType = sourcecode.swift; path = CustomStepper.swift; sourceTree = "<group>"; };
		3D42C353214D3B09006B610B /* AlertControllerHelper.swift */ = {isa = PBXFileReference; lastKnownFileType = sourcecode.swift; path = AlertControllerHelper.swift; sourceTree = "<group>"; };
/* End PBXFileReference section */

/* Begin PBXFrameworksBuildPhase section */
		3D1B2FD6214A6517002C1141 /* Frameworks */ = {
			isa = PBXFrameworksBuildPhase;
			buildActionMask = 2147483647;
			files = (
			);
			runOnlyForDeploymentPostprocessing = 0;
		};
		3D1B3016214B51DD002C1141 /* Frameworks */ = {
			isa = PBXFrameworksBuildPhase;
			buildActionMask = 2147483647;
			files = (
			);
			runOnlyForDeploymentPostprocessing = 0;
		};
		3D1B3027214B63CC002C1141 /* Frameworks */ = {
			isa = PBXFrameworksBuildPhase;
			buildActionMask = 2147483647;
			files = (
			);
			runOnlyForDeploymentPostprocessing = 0;
		};
		3D1B3039214B68A0002C1141 /* Frameworks */ = {
			isa = PBXFrameworksBuildPhase;
			buildActionMask = 2147483647;
			files = (
			);
			runOnlyForDeploymentPostprocessing = 0;
		};
/* End PBXFrameworksBuildPhase section */

/* Begin PBXGroup section */
		3D1B2FD0214A6517002C1141 = {
			isa = PBXGroup;
			children = (
				3D1B2FDB214A6517002C1141 /* Kiosk */,
				3D1B301A214B51DD002C1141 /* KioskBookingTests */,
				3D1B302B214B63CC002C1141 /* KioskNetworkTests */,
				3D1B303D214B68A0002C1141 /* KioskHistoryTests */,
				3D1B2FDA214A6517002C1141 /* Products */,
			);
			sourceTree = "<group>";
		};
		3D1B2FDA214A6517002C1141 /* Products */ = {
			isa = PBXGroup;
			children = (
				3D1B2FD9214A6517002C1141 /* Kiosk.app */,
				3D1B3019214B51DD002C1141 /* KioskBookingTests.xctest */,
				3D1B302A214B63CC002C1141 /* KioskNetworkTests.xctest */,
				3D1B303C214B68A0002C1141 /* KioskHistoryTests.xctest */,
			);
			name = Products;
			sourceTree = "<group>";
		};
		3D1B2FDB214A6517002C1141 /* Kiosk */ = {
			isa = PBXGroup;
			children = (
				3D1B2FF4214A6663002C1141 /* Source */,
				3D1B2FFE214A6663002C1141 /* Spec */,
				3D1B2FF7214A6663002C1141 /* SupportingFiles */,
			);
			path = Kiosk;
			sourceTree = "<group>";
		};
		3D1B2FF4214A6663002C1141 /* Source */ = {
			isa = PBXGroup;
			children = (
				3D1B2FF6214A6663002C1141 /* AppDelegate.swift */,
				3D1B3007214A8736002C1141 /* Booking */,
				3D1B3009214A8889002C1141 /* BookingReview */,
				3D42C352214D3AF3006B610B /* Helper */,
				3D1B3006214A8736002C1141 /* History */,
				3D1B300E214A9FEA002C1141 /* Network */,
				3D1B3008214A8736002C1141 /* Pickup */,
				3D1B3005214A8736002C1141 /* Tabbar */,
			);
			path = Source;
			sourceTree = "<group>";
		};
		3D1B2FF7214A6663002C1141 /* SupportingFiles */ = {
			isa = PBXGroup;
			children = (
				3D1B2FF8214A6663002C1141 /* Assets.xcassets */,
				3D1B2FF9214A6663002C1141 /* LaunchScreen.storyboard */,
				3D1B2FFB214A6663002C1141 /* Main.storyboard */,
				3D1B2FFD214A6663002C1141 /* Info.plist */,
			);
			path = SupportingFiles;
			sourceTree = "<group>";
		};
		3D1B2FFE214A6663002C1141 /* Spec */ = {
			isa = PBXGroup;
			children = (
			);
			path = Spec;
			sourceTree = "<group>";
		};
		3D1B3005214A8736002C1141 /* Tabbar */ = {
			isa = PBXGroup;
			children = (
			);
			path = Tabbar;
			sourceTree = "<group>";
		};
		3D1B3006214A8736002C1141 /* History */ = {
			isa = PBXGroup;
			children = (
				3D1B300C214A891E002C1141 /* HistoryViewController.swift */,
				3D1B3049214B9A7B002C1141 /* HistoryJsonModel.swift */,
				3D1B304B214B9A8C002C1141 /* HistoryDataModel.swift */,
			);
			path = History;
			sourceTree = "<group>";
		};
		3D1B3007214A8736002C1141 /* Booking */ = {
			isa = PBXGroup;
			children = (
				3D1B300A214A8911002C1141 /* BookingViewController.swift */,
				3D1B3011214AA48A002C1141 /* ServicesJsonModel.swift */,
				3D1B3013214B50EF002C1141 /* ServicesDataModel.swift */,
				3D2B0EED214E18D0002FC1A9 /* Table */,
			);
			path = Booking;
			sourceTree = "<group>";
		};
		3D1B3008214A8736002C1141 /* Pickup */ = {
			isa = PBXGroup;
			children = (
			);
			path = Pickup;
			sourceTree = "<group>";
		};
		3D1B3009214A8889002C1141 /* BookingReview */ = {
			isa = PBXGroup;
			children = (
			);
			path = BookingReview;
			sourceTree = "<group>";
		};
		3D1B300E214A9FEA002C1141 /* Network */ = {
			isa = PBXGroup;
			children = (
				3D1B300F214AA006002C1141 /* APIAdaptor.swift */,
			);
			path = Network;
			sourceTree = "<group>";
		};
		3D1B301A214B51DD002C1141 /* KioskBookingTests */ = {
			isa = PBXGroup;
			children = (
				3D1B301B214B51DD002C1141 /* KioskBookingTests.swift */,
				3D1B301D214B51DD002C1141 /* Info.plist */,
			);
			path = KioskBookingTests;
			sourceTree = "<group>";
		};
		3D1B302B214B63CC002C1141 /* KioskNetworkTests */ = {
			isa = PBXGroup;
			children = (
				3D1B302C214B63CC002C1141 /* KioskNetworkTests.swift */,
				3D1B302E214B63CC002C1141 /* Info.plist */,
			);
			path = KioskNetworkTests;
			sourceTree = "<group>";
		};
		3D1B303D214B68A0002C1141 /* KioskHistoryTests */ = {
			isa = PBXGroup;
			children = (
				3D1B303E214B68A0002C1141 /* KioskHistoryTests.swift */,
				3D1B3040214B68A0002C1141 /* Info.plist */,
			);
			path = KioskHistoryTests;
			sourceTree = "<group>";
		};
		3D2B0EED214E18D0002FC1A9 /* Table */ = {
			isa = PBXGroup;
			children = (
				3D2B0EEE214E193E002FC1A9 /* BookingStepperTableViewCell.swift */,
				3D2B0EEF214E193E002FC1A9 /* BookingStepperTableViewCell.xib */,
			);
			path = Table;
			sourceTree = "<group>";
		};
		3D42C352214D3AF3006B610B /* Helper */ = {
			isa = PBXGroup;
			children = (
				3D42C353214D3B09006B610B /* AlertControllerHelper.swift */,
				3D2B0EF2214E1C01002FC1A9 /* CustomStepper.swift */,
			);
			path = Helper;
			sourceTree = "<group>";
		};
/* End PBXGroup section */

/* Begin PBXNativeTarget section */
		3D1B2FD8214A6517002C1141 /* Kiosk */ = {
			isa = PBXNativeTarget;
			buildConfigurationList = 3D1B2FEB214A651A002C1141 /* Build configuration list for PBXNativeTarget "Kiosk" */;
			buildPhases = (
				3D1B2FD5214A6517002C1141 /* Sources */,
				3D1B2FD6214A6517002C1141 /* Frameworks */,
				3D1B2FD7214A6517002C1141 /* Resources */,
			);
			buildRules = (
			);
			dependencies = (
			);
			name = Kiosk;
			productName = Kiosk;
			productReference = 3D1B2FD9214A6517002C1141 /* Kiosk.app */;
			productType = "com.apple.product-type.application";
		};
		3D1B3018214B51DD002C1141 /* KioskBookingTests */ = {
			isa = PBXNativeTarget;
			buildConfigurationList = 3D1B3020214B51DD002C1141 /* Build configuration list for PBXNativeTarget "KioskBookingTests" */;
			buildPhases = (
				3D1B3015214B51DD002C1141 /* Sources */,
				3D1B3016214B51DD002C1141 /* Frameworks */,
				3D1B3017214B51DD002C1141 /* Resources */,
			);
			buildRules = (
			);
			dependencies = (
				3D1B301F214B51DD002C1141 /* PBXTargetDependency */,
			);
			name = KioskBookingTests;
			productName = KioskBookingTests;
			productReference = 3D1B3019214B51DD002C1141 /* KioskBookingTests.xctest */;
			productType = "com.apple.product-type.bundle.unit-test";
		};
		3D1B3029214B63CC002C1141 /* KioskNetworkTests */ = {
			isa = PBXNativeTarget;
			buildConfigurationList = 3D1B3031214B63CC002C1141 /* Build configuration list for PBXNativeTarget "KioskNetworkTests" */;
			buildPhases = (
				3D1B3026214B63CC002C1141 /* Sources */,
				3D1B3027214B63CC002C1141 /* Frameworks */,
				3D1B3028214B63CC002C1141 /* Resources */,
			);
			buildRules = (
			);
			dependencies = (
				3D1B3030214B63CC002C1141 /* PBXTargetDependency */,
			);
			name = KioskNetworkTests;
			productName = KioskNetworkTests;
			productReference = 3D1B302A214B63CC002C1141 /* KioskNetworkTests.xctest */;
			productType = "com.apple.product-type.bundle.unit-test";
		};
		3D1B303B214B68A0002C1141 /* KioskHistoryTests */ = {
			isa = PBXNativeTarget;
			buildConfigurationList = 3D1B3043214B68A0002C1141 /* Build configuration list for PBXNativeTarget "KioskHistoryTests" */;
			buildPhases = (
				3D1B3038214B68A0002C1141 /* Sources */,
				3D1B3039214B68A0002C1141 /* Frameworks */,
				3D1B303A214B68A0002C1141 /* Resources */,
			);
			buildRules = (
			);
			dependencies = (
				3D1B3042214B68A0002C1141 /* PBXTargetDependency */,
			);
			name = KioskHistoryTests;
			productName = KioskHistoryTests;
			productReference = 3D1B303C214B68A0002C1141 /* KioskHistoryTests.xctest */;
			productType = "com.apple.product-type.bundle.unit-test";
		};
/* End PBXNativeTarget section */

/* Begin PBXProject section */
		3D1B2FD1214A6517002C1141 /* Project object */ = {
			isa = PBXProject;
			attributes = {
				LastSwiftUpdateCheck = 0940;
				LastUpgradeCheck = 0940;
				ORGANIZATIONNAME = Mehdi;
				TargetAttributes = {
					3D1B2FD8214A6517002C1141 = {
						CreatedOnToolsVersion = 9.4.1;
					};
					3D1B3018214B51DD002C1141 = {
						CreatedOnToolsVersion = 9.4.1;
						TestTargetID = 3D1B2FD8214A6517002C1141;
					};
					3D1B3029214B63CC002C1141 = {
						CreatedOnToolsVersion = 9.4.1;
						TestTargetID = 3D1B2FD8214A6517002C1141;
					};
					3D1B303B214B68A0002C1141 = {
						CreatedOnToolsVersion = 9.4.1;
						TestTargetID = 3D1B2FD8214A6517002C1141;
					};
				};
			};
			buildConfigurationList = 3D1B2FD4214A6517002C1141 /* Build configuration list for PBXProject "Kiosk" */;
			compatibilityVersion = "Xcode 9.3";
			developmentRegion = en;
			hasScannedForEncodings = 0;
			knownRegions = (
				en,
				Base,
			);
			mainGroup = 3D1B2FD0214A6517002C1141;
			productRefGroup = 3D1B2FDA214A6517002C1141 /* Products */;
			projectDirPath = "";
			projectRoot = "";
			targets = (
				3D1B2FD8214A6517002C1141 /* Kiosk */,
				3D1B3018214B51DD002C1141 /* KioskBookingTests */,
				3D1B3029214B63CC002C1141 /* KioskNetworkTests */,
				3D1B303B214B68A0002C1141 /* KioskHistoryTests */,
			);
		};
/* End PBXProject section */

/* Begin PBXResourcesBuildPhase section */
		3D1B2FD7214A6517002C1141 /* Resources */ = {
			isa = PBXResourcesBuildPhase;
			buildActionMask = 2147483647;
			files = (
				3D1B3003214A6663002C1141 /* Main.storyboard in Resources */,
				3D1B3001214A6663002C1141 /* Assets.xcassets in Resources */,
				3D1B3002214A6663002C1141 /* LaunchScreen.storyboard in Resources */,
				3D2B0EF1214E193E002FC1A9 /* BookingStepperTableViewCell.xib in Resources */,
			);
			runOnlyForDeploymentPostprocessing = 0;
		};
		3D1B3017214B51DD002C1141 /* Resources */ = {
			isa = PBXResourcesBuildPhase;
			buildActionMask = 2147483647;
			files = (
			);
			runOnlyForDeploymentPostprocessing = 0;
		};
		3D1B3028214B63CC002C1141 /* Resources */ = {
			isa = PBXResourcesBuildPhase;
			buildActionMask = 2147483647;
			files = (
			);
			runOnlyForDeploymentPostprocessing = 0;
		};
		3D1B303A214B68A0002C1141 /* Resources */ = {
			isa = PBXResourcesBuildPhase;
			buildActionMask = 2147483647;
			files = (
			);
			runOnlyForDeploymentPostprocessing = 0;
		};
/* End PBXResourcesBuildPhase section */

/* Begin PBXSourcesBuildPhase section */
		3D1B2FD5214A6517002C1141 /* Sources */ = {
			isa = PBXSourcesBuildPhase;
			buildActionMask = 2147483647;
			files = (
				3D42C354214D3B09006B610B /* AlertControllerHelper.swift in Sources */,
				3D93DB7F214B963C0004A317 /* AppDelegate.swift in Sources */,
				3D93DB80214B963C0004A317 /* BookingViewController.swift in Sources */,
				3D2B0EF0214E193E002FC1A9 /* BookingStepperTableViewCell.swift in Sources */,
				3D93DB81214B963C0004A317 /* ServicesJsonModel.swift in Sources */,
				3D93DB82214B963C0004A317 /* ServicesDataModel.swift in Sources */,
				3D93DB83214B963C0004A317 /* HistoryViewController.swift in Sources */,
				3D93DB86214B963C0004A317 /* APIAdaptor.swift in Sources */,
				3D2B0EF3214E1C01002FC1A9 /* CustomStepper.swift in Sources */,
				3D1B304C214B9A8C002C1141 /* HistoryDataModel.swift in Sources */,
				3D1B304A214B9A7B002C1141 /* HistoryJsonModel.swift in Sources */,
			);
			runOnlyForDeploymentPostprocessing = 0;
		};
		3D1B3015214B51DD002C1141 /* Sources */ = {
			isa = PBXSourcesBuildPhase;
			buildActionMask = 2147483647;
			files = (
				3D1B301C214B51DD002C1141 /* KioskBookingTests.swift in Sources */,
			);
			runOnlyForDeploymentPostprocessing = 0;
		};
		3D1B3026214B63CC002C1141 /* Sources */ = {
			isa = PBXSourcesBuildPhase;
			buildActionMask = 2147483647;
			files = (
				3D1B302D214B63CC002C1141 /* KioskNetworkTests.swift in Sources */,
			);
			runOnlyForDeploymentPostprocessing = 0;
		};
		3D1B3038214B68A0002C1141 /* Sources */ = {
			isa = PBXSourcesBuildPhase;
			buildActionMask = 2147483647;
			files = (
				3D1B303F214B68A0002C1141 /* KioskHistoryTests.swift in Sources */,
			);
			runOnlyForDeploymentPostprocessing = 0;
		};
/* End PBXSourcesBuildPhase section */

/* Begin PBXTargetDependency section */
		3D1B301F214B51DD002C1141 /* PBXTargetDependency */ = {
			isa = PBXTargetDependency;
			target = 3D1B2FD8214A6517002C1141 /* Kiosk */;
			targetProxy = 3D1B301E214B51DD002C1141 /* PBXContainerItemProxy */;
		};
		3D1B3030214B63CC002C1141 /* PBXTargetDependency */ = {
			isa = PBXTargetDependency;
			target = 3D1B2FD8214A6517002C1141 /* Kiosk */;
			targetProxy = 3D1B302F214B63CC002C1141 /* PBXContainerItemProxy */;
		};
		3D1B3042214B68A0002C1141 /* PBXTargetDependency */ = {
			isa = PBXTargetDependency;
			target = 3D1B2FD8214A6517002C1141 /* Kiosk */;
			targetProxy = 3D1B3041214B68A0002C1141 /* PBXContainerItemProxy */;
		};
/* End PBXTargetDependency section */

/* Begin PBXVariantGroup section */
		3D1B2FF9214A6663002C1141 /* LaunchScreen.storyboard */ = {
			isa = PBXVariantGroup;
			children = (
				3D1B2FFA214A6663002C1141 /* Base */,
			);
			name = LaunchScreen.storyboard;
			sourceTree = "<group>";
		};
		3D1B2FFB214A6663002C1141 /* Main.storyboard */ = {
			isa = PBXVariantGroup;
			children = (
				3D1B2FFC214A6663002C1141 /* Base */,
			);
			name = Main.storyboard;
			sourceTree = "<group>";
		};
/* End PBXVariantGroup section */

/* Begin XCBuildConfiguration section */
		3D1B2FE9214A651A002C1141 /* Debug */ = {
			isa = XCBuildConfiguration;
			buildSettings = {
				ALWAYS_SEARCH_USER_PATHS = NO;
				CLANG_ANALYZER_NONNULL = YES;
				CLANG_ANALYZER_NUMBER_OBJECT_CONVERSION = YES_AGGRESSIVE;
				CLANG_CXX_LANGUAGE_STANDARD = "gnu++14";
				CLANG_CXX_LIBRARY = "libc++";
				CLANG_ENABLE_MODULES = YES;
				CLANG_ENABLE_OBJC_ARC = YES;
				CLANG_ENABLE_OBJC_WEAK = YES;
				CLANG_WARN_BLOCK_CAPTURE_AUTORELEASING = YES;
				CLANG_WARN_BOOL_CONVERSION = YES;
				CLANG_WARN_COMMA = YES;
				CLANG_WARN_CONSTANT_CONVERSION = YES;
				CLANG_WARN_DEPRECATED_OBJC_IMPLEMENTATIONS = YES;
				CLANG_WARN_DIRECT_OBJC_ISA_USAGE = YES_ERROR;
				CLANG_WARN_DOCUMENTATION_COMMENTS = YES;
				CLANG_WARN_EMPTY_BODY = YES;
				CLANG_WARN_ENUM_CONVERSION = YES;
				CLANG_WARN_INFINITE_RECURSION = YES;
				CLANG_WARN_INT_CONVERSION = YES;
				CLANG_WARN_NON_LITERAL_NULL_CONVERSION = YES;
				CLANG_WARN_OBJC_IMPLICIT_RETAIN_SELF = YES;
				CLANG_WARN_OBJC_LITERAL_CONVERSION = YES;
				CLANG_WARN_OBJC_ROOT_CLASS = YES_ERROR;
				CLANG_WARN_RANGE_LOOP_ANALYSIS = YES;
				CLANG_WARN_STRICT_PROTOTYPES = YES;
				CLANG_WARN_SUSPICIOUS_MOVE = YES;
				CLANG_WARN_UNGUARDED_AVAILABILITY = YES_AGGRESSIVE;
				CLANG_WARN_UNREACHABLE_CODE = YES;
				CLANG_WARN__DUPLICATE_METHOD_MATCH = YES;
				CODE_SIGN_IDENTITY = "iPhone Developer";
				COPY_PHASE_STRIP = NO;
				DEBUG_INFORMATION_FORMAT = dwarf;
				ENABLE_STRICT_OBJC_MSGSEND = YES;
				ENABLE_TESTABILITY = YES;
				GCC_C_LANGUAGE_STANDARD = gnu11;
				GCC_DYNAMIC_NO_PIC = NO;
				GCC_NO_COMMON_BLOCKS = YES;
				GCC_OPTIMIZATION_LEVEL = 0;
				GCC_PREPROCESSOR_DEFINITIONS = (
					"DEBUG=1",
					"$(inherited)",
				);
				GCC_WARN_64_TO_32_BIT_CONVERSION = YES;
				GCC_WARN_ABOUT_RETURN_TYPE = YES_ERROR;
				GCC_WARN_UNDECLARED_SELECTOR = YES;
				GCC_WARN_UNINITIALIZED_AUTOS = YES_AGGRESSIVE;
				GCC_WARN_UNUSED_FUNCTION = YES;
				GCC_WARN_UNUSED_VARIABLE = YES;
				IPHONEOS_DEPLOYMENT_TARGET = 11.4;
				MTL_ENABLE_DEBUG_INFO = YES;
				ONLY_ACTIVE_ARCH = YES;
				SDKROOT = iphoneos;
				SWIFT_ACTIVE_COMPILATION_CONDITIONS = DEBUG;
				SWIFT_COMPILATION_MODE = wholemodule;
				SWIFT_OPTIMIZATION_LEVEL = "-Onone";
			};
			name = Debug;
		};
		3D1B2FEA214A651A002C1141 /* Release */ = {
			isa = XCBuildConfiguration;
			buildSettings = {
				ALWAYS_SEARCH_USER_PATHS = NO;
				CLANG_ANALYZER_NONNULL = YES;
				CLANG_ANALYZER_NUMBER_OBJECT_CONVERSION = YES_AGGRESSIVE;
				CLANG_CXX_LANGUAGE_STANDARD = "gnu++14";
				CLANG_CXX_LIBRARY = "libc++";
				CLANG_ENABLE_MODULES = YES;
				CLANG_ENABLE_OBJC_ARC = YES;
				CLANG_ENABLE_OBJC_WEAK = YES;
				CLANG_WARN_BLOCK_CAPTURE_AUTORELEASING = YES;
				CLANG_WARN_BOOL_CONVERSION = YES;
				CLANG_WARN_COMMA = YES;
				CLANG_WARN_CONSTANT_CONVERSION = YES;
				CLANG_WARN_DEPRECATED_OBJC_IMPLEMENTATIONS = YES;
				CLANG_WARN_DIRECT_OBJC_ISA_USAGE = YES_ERROR;
				CLANG_WARN_DOCUMENTATION_COMMENTS = YES;
				CLANG_WARN_EMPTY_BODY = YES;
				CLANG_WARN_ENUM_CONVERSION = YES;
				CLANG_WARN_INFINITE_RECURSION = YES;
				CLANG_WARN_INT_CONVERSION = YES;
				CLANG_WARN_NON_LITERAL_NULL_CONVERSION = YES;
				CLANG_WARN_OBJC_IMPLICIT_RETAIN_SELF = YES;
				CLANG_WARN_OBJC_LITERAL_CONVERSION = YES;
				CLANG_WARN_OBJC_ROOT_CLASS = YES_ERROR;
				CLANG_WARN_RANGE_LOOP_ANALYSIS = YES;
				CLANG_WARN_STRICT_PROTOTYPES = YES;
				CLANG_WARN_SUSPICIOUS_MOVE = YES;
				CLANG_WARN_UNGUARDED_AVAILABILITY = YES_AGGRESSIVE;
				CLANG_WARN_UNREACHABLE_CODE = YES;
				CLANG_WARN__DUPLICATE_METHOD_MATCH = YES;
				CODE_SIGN_IDENTITY = "iPhone Developer";
				COPY_PHASE_STRIP = NO;
				DEBUG_INFORMATION_FORMAT = "dwarf-with-dsym";
				ENABLE_NS_ASSERTIONS = NO;
				ENABLE_STRICT_OBJC_MSGSEND = YES;
				GCC_C_LANGUAGE_STANDARD = gnu11;
				GCC_NO_COMMON_BLOCKS = YES;
				GCC_WARN_64_TO_32_BIT_CONVERSION = YES;
				GCC_WARN_ABOUT_RETURN_TYPE = YES_ERROR;
				GCC_WARN_UNDECLARED_SELECTOR = YES;
				GCC_WARN_UNINITIALIZED_AUTOS = YES_AGGRESSIVE;
				GCC_WARN_UNUSED_FUNCTION = YES;
				GCC_WARN_UNUSED_VARIABLE = YES;
				IPHONEOS_DEPLOYMENT_TARGET = 11.4;
				MTL_ENABLE_DEBUG_INFO = NO;
				SDKROOT = iphoneos;
				SWIFT_COMPILATION_MODE = wholemodule;
				SWIFT_OPTIMIZATION_LEVEL = "-O";
				VALIDATE_PRODUCT = YES;
			};
			name = Release;
		};
		3D1B2FEC214A651A002C1141 /* Debug */ = {
			isa = XCBuildConfiguration;
			buildSettings = {
				ASSETCATALOG_COMPILER_APPICON_NAME = AppIcon;
				CODE_SIGN_STYLE = Automatic;
				DEVELOPMENT_TEAM = EQRPRAG88V;
				INFOPLIST_FILE = Kiosk/SupportingFiles/Info.plist;
				LD_RUNPATH_SEARCH_PATHS = (
					"$(inherited)",
					"@executable_path/Frameworks",
				);
				PRODUCT_BUNDLE_IDENTIFIER = me.mb.Kiosk;
				PRODUCT_NAME = "$(TARGET_NAME)";
				SWIFT_VERSION = 4.0;
				TARGETED_DEVICE_FAMILY = 1;
			};
			name = Debug;
		};
		3D1B2FED214A651A002C1141 /* Release */ = {
			isa = XCBuildConfiguration;
			buildSettings = {
				ASSETCATALOG_COMPILER_APPICON_NAME = AppIcon;
				CODE_SIGN_STYLE = Automatic;
				DEVELOPMENT_TEAM = EQRPRAG88V;
				INFOPLIST_FILE = Kiosk/SupportingFiles/Info.plist;
				LD_RUNPATH_SEARCH_PATHS = (
					"$(inherited)",
					"@executable_path/Frameworks",
				);
				PRODUCT_BUNDLE_IDENTIFIER = me.mb.Kiosk;
				PRODUCT_NAME = "$(TARGET_NAME)";
				SWIFT_VERSION = 4.0;
				TARGETED_DEVICE_FAMILY = 1;
			};
			name = Release;
		};
		3D1B3021214B51DD002C1141 /* Debug */ = {
			isa = XCBuildConfiguration;
			buildSettings = {
				ALWAYS_EMBED_SWIFT_STANDARD_LIBRARIES = YES;
				BUNDLE_LOADER = "$(TEST_HOST)";
				CODE_SIGN_STYLE = Automatic;
				DEVELOPMENT_TEAM = EQRPRAG88V;
				INFOPLIST_FILE = KioskBookingTests/Info.plist;
				LD_RUNPATH_SEARCH_PATHS = (
					"$(inherited)",
					"@executable_path/Frameworks",
					"@loader_path/Frameworks",
				);
				PRODUCT_BUNDLE_IDENTIFIER = me.mb.KioskBookingTests;
				PRODUCT_NAME = "$(TARGET_NAME)";
				SWIFT_VERSION = 4.0;
				TARGETED_DEVICE_FAMILY = "1,2";
				TEST_HOST = "$(BUILT_PRODUCTS_DIR)/Kiosk.app/Kiosk";
			};
			name = Debug;
		};
		3D1B3022214B51DD002C1141 /* Release */ = {
			isa = XCBuildConfiguration;
			buildSettings = {
				ALWAYS_EMBED_SWIFT_STANDARD_LIBRARIES = YES;
				BUNDLE_LOADER = "$(TEST_HOST)";
				CODE_SIGN_STYLE = Automatic;
				DEVELOPMENT_TEAM = EQRPRAG88V;
				INFOPLIST_FILE = KioskBookingTests/Info.plist;
				LD_RUNPATH_SEARCH_PATHS = (
					"$(inherited)",
					"@executable_path/Frameworks",
					"@loader_path/Frameworks",
				);
				PRODUCT_BUNDLE_IDENTIFIER = me.mb.KioskBookingTests;
				PRODUCT_NAME = "$(TARGET_NAME)";
				SWIFT_VERSION = 4.0;
				TARGETED_DEVICE_FAMILY = "1,2";
				TEST_HOST = "$(BUILT_PRODUCTS_DIR)/Kiosk.app/Kiosk";
			};
			name = Release;
		};
		3D1B3032214B63CC002C1141 /* Debug */ = {
			isa = XCBuildConfiguration;
			buildSettings = {
				ALWAYS_EMBED_SWIFT_STANDARD_LIBRARIES = YES;
				BUNDLE_LOADER = "$(TEST_HOST)";
				CODE_SIGN_STYLE = Automatic;
				DEVELOPMENT_TEAM = EQRPRAG88V;
				INFOPLIST_FILE = KioskNetworkTests/Info.plist;
				LD_RUNPATH_SEARCH_PATHS = (
					"$(inherited)",
					"@executable_path/Frameworks",
					"@loader_path/Frameworks",
				);
				PRODUCT_BUNDLE_IDENTIFIER = me.mb.KioskNetworkTests;
				PRODUCT_NAME = "$(TARGET_NAME)";
				SWIFT_VERSION = 4.0;
				TARGETED_DEVICE_FAMILY = "1,2";
				TEST_HOST = "$(BUILT_PRODUCTS_DIR)/Kiosk.app/Kiosk";
			};
			name = Debug;
		};
		3D1B3033214B63CC002C1141 /* Release */ = {
			isa = XCBuildConfiguration;
			buildSettings = {
				ALWAYS_EMBED_SWIFT_STANDARD_LIBRARIES = YES;
				BUNDLE_LOADER = "$(TEST_HOST)";
				CODE_SIGN_STYLE = Automatic;
				DEVELOPMENT_TEAM = EQRPRAG88V;
				INFOPLIST_FILE = KioskNetworkTests/Info.plist;
				LD_RUNPATH_SEARCH_PATHS = (
					"$(inherited)",
					"@executable_path/Frameworks",
					"@loader_path/Frameworks",
				);
				PRODUCT_BUNDLE_IDENTIFIER = me.mb.KioskNetworkTests;
				PRODUCT_NAME = "$(TARGET_NAME)";
				SWIFT_VERSION = 4.0;
				TARGETED_DEVICE_FAMILY = "1,2";
				TEST_HOST = "$(BUILT_PRODUCTS_DIR)/Kiosk.app/Kiosk";
			};
			name = Release;
		};
		3D1B3044214B68A0002C1141 /* Debug */ = {
			isa = XCBuildConfiguration;
			buildSettings = {
				ALWAYS_EMBED_SWIFT_STANDARD_LIBRARIES = YES;
				BUNDLE_LOADER = "$(TEST_HOST)";
				CODE_SIGN_STYLE = Automatic;
				DEVELOPMENT_TEAM = EQRPRAG88V;
				INFOPLIST_FILE = KioskHistoryTests/Info.plist;
				LD_RUNPATH_SEARCH_PATHS = (
					"$(inherited)",
					"@executable_path/Frameworks",
					"@loader_path/Frameworks",
				);
				PRODUCT_BUNDLE_IDENTIFIER = me.mb.KioskHistoryTests;
				PRODUCT_NAME = "$(TARGET_NAME)";
				SWIFT_VERSION = 4.0;
				TARGETED_DEVICE_FAMILY = "1,2";
				TEST_HOST = "$(BUILT_PRODUCTS_DIR)/Kiosk.app/Kiosk";
			};
			name = Debug;
		};
		3D1B3045214B68A0002C1141 /* Release */ = {
			isa = XCBuildConfiguration;
			buildSettings = {
				ALWAYS_EMBED_SWIFT_STANDARD_LIBRARIES = YES;
				BUNDLE_LOADER = "$(TEST_HOST)";
				CODE_SIGN_STYLE = Automatic;
				DEVELOPMENT_TEAM = EQRPRAG88V;
				INFOPLIST_FILE = KioskHistoryTests/Info.plist;
				LD_RUNPATH_SEARCH_PATHS = (
					"$(inherited)",
					"@executable_path/Frameworks",
					"@loader_path/Frameworks",
				);
				PRODUCT_BUNDLE_IDENTIFIER = me.mb.KioskHistoryTests;
				PRODUCT_NAME = "$(TARGET_NAME)";
				SWIFT_VERSION = 4.0;
				TARGETED_DEVICE_FAMILY = "1,2";
				TEST_HOST = "$(BUILT_PRODUCTS_DIR)/Kiosk.app/Kiosk";
			};
			name = Release;
		};
/* End XCBuildConfiguration section */

/* Begin XCConfigurationList section */
		3D1B2FD4214A6517002C1141 /* Build configuration list for PBXProject "Kiosk" */ = {
			isa = XCConfigurationList;
			buildConfigurations = (
				3D1B2FE9214A651A002C1141 /* Debug */,
				3D1B2FEA214A651A002C1141 /* Release */,
			);
			defaultConfigurationIsVisible = 0;
			defaultConfigurationName = Release;
		};
		3D1B2FEB214A651A002C1141 /* Build configuration list for PBXNativeTarget "Kiosk" */ = {
			isa = XCConfigurationList;
			buildConfigurations = (
				3D1B2FEC214A651A002C1141 /* Debug */,
				3D1B2FED214A651A002C1141 /* Release */,
			);
			defaultConfigurationIsVisible = 0;
			defaultConfigurationName = Release;
		};
		3D1B3020214B51DD002C1141 /* Build configuration list for PBXNativeTarget "KioskBookingTests" */ = {
			isa = XCConfigurationList;
			buildConfigurations = (
				3D1B3021214B51DD002C1141 /* Debug */,
				3D1B3022214B51DD002C1141 /* Release */,
			);
			defaultConfigurationIsVisible = 0;
			defaultConfigurationName = Release;
		};
		3D1B3031214B63CC002C1141 /* Build configuration list for PBXNativeTarget "KioskNetworkTests" */ = {
			isa = XCConfigurationList;
			buildConfigurations = (
				3D1B3032214B63CC002C1141 /* Debug */,
				3D1B3033214B63CC002C1141 /* Release */,
			);
			defaultConfigurationIsVisible = 0;
			defaultConfigurationName = Release;
		};
		3D1B3043214B68A0002C1141 /* Build configuration list for PBXNativeTarget "KioskHistoryTests" */ = {
			isa = XCConfigurationList;
			buildConfigurations = (
				3D1B3044214B68A0002C1141 /* Debug */,
				3D1B3045214B68A0002C1141 /* Release */,
			);
			defaultConfigurationIsVisible = 0;
			defaultConfigurationName = Release;
		};
/* End XCConfigurationList section */
	};
	rootObject = 3D1B2FD1214A6517002C1141 /* Project object */;
}
